// !$*UTF8*$!
{
	archiveVersion = 1;
	classes = {
	};
	objectVersion = 46;
	objects = {

/* Begin PBXBuildFile section */
		EF07EC031D810D4800D110E3 /* AppDelegate.swift in Sources */ = {isa = PBXBuildFile; fileRef = EF07EC021D810D4800D110E3 /* AppDelegate.swift */; };
		EF07EC051D810D4800D110E3 /* ViewController.swift in Sources */ = {isa = PBXBuildFile; fileRef = EF07EC041D810D4800D110E3 /* ViewController.swift */; };
		EF07EC081D810D4800D110E3 /* Main.storyboard in Resources */ = {isa = PBXBuildFile; fileRef = EF07EC061D810D4800D110E3 /* Main.storyboard */; };
		EF07EC0A1D810D4800D110E3 /* Assets.xcassets in Resources */ = {isa = PBXBuildFile; fileRef = EF07EC091D810D4800D110E3 /* Assets.xcassets */; };
		EF07EC0D1D810D4800D110E3 /* LaunchScreen.storyboard in Resources */ = {isa = PBXBuildFile; fileRef = EF07EC0B1D810D4800D110E3 /* LaunchScreen.storyboard */; };
		EF7F843A1D83D24600F0A883 /* CalculatorBrain.swift in Sources */ = {isa = PBXBuildFile; fileRef = EF7F84391D83D24600F0A883 /* CalculatorBrain.swift */; };
/* End PBXBuildFile section */

/* Begin PBXFileReference section */
		EF07EBFF1D810D4800D110E3 /* Calculator.app */ = {isa = PBXFileReference; explicitFileType = wrapper.application; includeInIndex = 0; path = Calculator.app; sourceTree = BUILT_PRODUCTS_DIR; };
		EF07EC021D810D4800D110E3 /* AppDelegate.swift */ = {isa = PBXFileReference; lastKnownFileType = sourcecode.swift; path = AppDelegate.swift; sourceTree = "<group>"; };
		EF07EC041D810D4800D110E3 /* ViewController.swift */ = {isa = PBXFileReference; lastKnownFileType = sourcecode.swift; path = ViewController.swift; sourceTree = "<group>"; };
		EF07EC071D810D4800D110E3 /* Base */ = {isa = PBXFileReference; lastKnownFileType = file.storyboard; name = Base; path = Base.lproj/Main.storyboard; sourceTree = "<group>"; };
		EF07EC091D810D4800D110E3 /* Assets.xcassets */ = {isa = PBXFileReference; lastKnownFileType = folder.assetcatalog; path = Assets.xcassets; sourceTree = "<group>"; };
		EF07EC0C1D810D4800D110E3 /* Base */ = {isa = PBXFileReference; lastKnownFileType = file.storyboard; name = Base; path = Base.lproj/LaunchScreen.storyboard; sourceTree = "<group>"; };
		EF07EC0E1D810D4800D110E3 /* Info.plist */ = {isa = PBXFileReference; lastKnownFileType = text.plist.xml; path = Info.plist; sourceTree = "<group>"; };
		EF7F84391D83D24600F0A883 /* CalculatorBrain.swift */ = {isa = PBXFileReference; fileEncoding = 4; lastKnownFileType = sourcecode.swift; path = CalculatorBrain.swift; sourceTree = "<group>"; };
/* End PBXFileReference section */

/* Begin PBXFrameworksBuildPhase section */
		EF07EBFC1D810D4800D110E3 /* Frameworks */ = {
			isa = PBXFrameworksBuildPhase;
			buildActionMask = 2147483647;
			files = (
			);
			runOnlyForDeploymentPostprocessing = 0;
		};
/* End PBXFrameworksBuildPhase section */

/* Begin PBXGroup section */
		EF07EBF61D810D4800D110E3 = {
			isa = PBXGroup;
			children = (
				EF07EC011D810D4800D110E3 /* Calculator */,
				EF07EC001D810D4800D110E3 /* Products */,
			);
			sourceTree = "<group>";
		};
		EF07EC001D810D4800D110E3 /* Products */ = {
			isa = PBXGroup;
			children = (
				EF07EBFF1D810D4800D110E3 /* Calculator.app */,
			);
			name = Products;
			sourceTree = "<group>";
		};
		EF07EC011D810D4800D110E3 /* Calculator */ = {
			isa = PBXGroup;
			children = (
				EF07EC041D810D4800D110E3 /* ViewController.swift */,
				EF07EC061D810D4800D110E3 /* Main.storyboard */,
				EF7F84391D83D24600F0A883 /* CalculatorBrain.swift */,
				EF07EC141D810EA500D110E3 /* Supporting Files */,
			);
			path = Calculator;
			sourceTree = "<group>";
		};
		EF07EC141D810EA500D110E3 /* Supporting Files */ = {
			isa = PBXGroup;
			children = (
				EF07EC021D810D4800D110E3 /* AppDelegate.swift */,
				EF07EC091D810D4800D110E3 /* Assets.xcassets */,
				EF07EC0B1D810D4800D110E3 /* LaunchScreen.storyboard */,
				EF07EC0E1D810D4800D110E3 /* Info.plist */,
			);
			name = "Supporting Files";
			sourceTree = "<group>";
		};
/* End PBXGroup section */

/* Begin PBXNativeTarget section */
		EF07EBFE1D810D4800D110E3 /* Calculator */ = {
			isa = PBXNativeTarget;
			buildConfigurationList = EF07EC111D810D4800D110E3 /* Build configuration list for PBXNativeTarget "Calculator" */;
			buildPhases = (
				EF07EBFB1D810D4800D110E3 /* Sources */,
				EF07EBFC1D810D4800D110E3 /* Frameworks */,
				EF07EBFD1D810D4800D110E3 /* Resources */,
			);
			buildRules = (
			);
			dependencies = (
			);
			name = Calculator;
			productName = Calculator;
			productReference = EF07EBFF1D810D4800D110E3 /* Calculator.app */;
			productType = "com.apple.product-type.application";
		};
/* End PBXNativeTarget section */

/* Begin PBXProject section */
		EF07EBF71D810D4800D110E3 /* Project object */ = {
			isa = PBXProject;
			attributes = {
				LastSwiftUpdateCheck = 0730;
				LastUpgradeCheck = 0730;
				ORGANIZATIONNAME = "Chidi Emeh";
				TargetAttributes = {
					EF07EBFE1D810D4800D110E3 = {
						CreatedOnToolsVersion = 7.3.1;
					};
				};
			};
			buildConfigurationList = EF07EBFA1D810D4800D110E3 /* Build configuration list for PBXProject "Calculator" */;
			compatibilityVersion = "Xcode 3.2";
			developmentRegion = English;
			hasScannedForEncodings = 0;
			knownRegions = (
				en,
				Base,
			);
			mainGroup = EF07EBF61D810D4800D110E3;
			productRefGroup = EF07EC001D810D4800D110E3 /* Products */;
			projectDirPath = "";
			projectRoot = "";
			targets = (
				EF07EBFE1D810D4800D110E3 /* Calculator */,
			);
		};
/* End PBXProject section */

/* Begin PBXResourcesBuildPhase section */
		EF07EBFD1D810D4800D110E3 /* Resources */ = {
			isa = PBXResourcesBuildPhase;
			buildActionMask = 2147483647;
			files = (
				EF07EC0D1D810D4800D110E3 /* LaunchScreen.storyboard in Resources */,
				EF07EC0A1D810D4800D110E3 /* Assets.xcassets in Resources */,
				EF07EC081D810D4800D110E3 /* Main.storyboard in Resources */,
			);
			runOnlyForDeploymentPostprocessing = 0;
		};
/* End PBXResourcesBuildPhase section */

/* Begin PBXSourcesBuildPhase section */
		EF07EBFB1D810D4800D110E3 /* Sources */ = {
			isa = PBXSourcesBuildPhase;
			buildActionMask = 2147483647;
			files = (
				EF7F843A1D83D24600F0A883 /* CalculatorBrain.swift in Sources */,
				EF07EC051D810D4800D110E3 /* ViewController.swift in Sources */,
				EF07EC031D810D4800D110E3 /* AppDelegate.swift in Sources */,
			);
			runOnlyForDeploymentPostprocessing = 0;
		};
/* End PBXSourcesBuildPhase section */

/* Begin PBXVariantGroup section */
		EF07EC061D810D4800D110E3 /* Main.storyboard */ = {
			isa = PBXVariantGroup;
			children = (
				EF07EC071D810D4800D110E3 /* Base */,
			);
			name = Main.storyboard;
			sourceTree = "<group>";
		};
		EF07EC0B1D810D4800D110E3 /* LaunchScreen.storyboard */ = {
			isa = PBXVariantGroup;
			children = (
				EF07EC0C1D810D4800D110E3 /* Base */,
			);
			name = LaunchScreen.storyboard;
			sourceTree = "<group>";
		};
/* End PBXVariantGroup section */

/* Begin XCBuildConfiguration section */
		EF07EC0F1D810D4800D110E3 /* Debug */ = {
			isa = XCBuildConfiguration;
			buildSettings = {
				ALWAYS_SEARCH_USER_PATHS = NO;
				CLANG_ANALYZER_NONNULL = YES;
				CLANG_CXX_LANGUAGE_STANDARD = "gnu++0x";
				CLANG_CXX_LIBRARY = "libc++";
				CLANG_ENABLE_MODULES = YES;
				CLANG_ENABLE_OBJC_ARC = YES;
				CLANG_WARN_BOOL_CONVERSION = YES;
				CLANG_WARN_CONSTANT_CONVERSION = YES;
				CLANG_WARN_DIRECT_OBJC_ISA_USAGE = YES_ERROR;
				CLANG_WARN_EMPTY_BODY = YES;
				CLANG_WARN_ENUM_CONVERSION = YES;
				CLANG_WARN_INT_CONVERSION = YES;
				CLANG_WARN_OBJC_ROOT_CLASS = YES_ERROR;
				CLANG_WARN_UNREACHABLE_CODE = YES;
				CLANG_WARN__DUPLICATE_METHOD_MATCH = YES;
				"CODE_SIGN_IDENTITY[sdk=iphoneos*]" = "iPhone Developer";
				COPY_PHASE_STRIP = NO;
				DEBUG_INFORMATION_FORMAT = dwarf;
				ENABLE_STRICT_OBJC_MSGSEND = YES;
				ENABLE_TESTABILITY = YES;
				GCC_C_LANGUAGE_STANDARD = gnu99;
				GCC_DYNAMIC_NO_PIC = NO;
				GCC_NO_COMMON_BLOCKS = YES;
				GCC_OPTIMIZATION_LEVEL = 0;
				GCC_PREPROCESSOR_DEFINITIONS = (
					"DEBUG=1",
					"$(inherited)",
				);
				GCC_WARN_64_TO_32_BIT_CONVERSION = YES;
				GCC_WARN_ABOUT_RETURN_TYPE = YES_ERROR;
				GCC_WARN_UNDECLARED_SELECTOR = YES;
				GCC_WARN_UNINITIALIZED_AUTOS = YES_AGGRESSIVE;
				GCC_WARN_UNUSED_FUNCTION = YES;
				GCC_WARN_UNUSED_VARIABLE = YES;
				IPHONEOS_DEPLOYMENT_TARGET = 9.3;
				MTL_ENABLE_DEBUG_INFO = YES;
				ONLY_ACTIVE_ARCH = YES;
				SDKROOT = iphoneos;
				SWIFT_OPTIMIZATION_LEVEL = "-Onone";
				TARGETED_DEVICE_FAMILY = "1,2";
			};
			name = Debug;
		};
		EF07EC101D810D4800D110E3 /* Release */ = {
			isa = XCBuildConfiguration;
			buildSettings = {
				ALWAYS_SEARCH_USER_PATHS = NO;
				CLANG_ANALYZER_NONNULL = YES;
				CLANG_CXX_LANGUAGE_STANDARD = "gnu++0x";
				CLANG_CXX_LIBRARY = "libc++";
				CLANG_ENABLE_MODULES = YES;
				CLANG_ENABLE_OBJC_ARC = YES;
				CLANG_WARN_BOOL_CONVERSION = YES;
				CLANG_WARN_CONSTANT_CONVERSION = YES;
				CLANG_WARN_DIRECT_OBJC_ISA_USAGE = YES_ERROR;
				CLANG_WARN_EMPTY_BODY = YES;
				CLANG_WARN_ENUM_CONVERSION = YES;
				CLANG_WARN_INT_CONVERSION = YES;
				CLANG_WARN_OBJC_ROOT_CLASS = YES_ERROR;
				CLANG_WARN_UNREACHABLE_CODE = YES;
				CLANG_WARN__DUPLICATE_METHOD_MATCH = YES;
				"CODE_SIGN_IDENTITY[sdk=iphoneos*]" = "iPhone Developer";
				COPY_PHASE_STRIP = NO;
				DEBUG_INFORMATION_FORMAT = "dwarf-with-dsym";
				ENABLE_NS_ASSERTIONS = NO;
				ENABLE_STRICT_OBJC_MSGSEND = YES;
				GCC_C_LANGUAGE_STANDARD = gnu99;
				GCC_NO_COMMON_BLOCKS = YES;
				GCC_WARN_64_TO_32_BIT_CONVERSION = YES;
				GCC_WARN_ABOUT_RETURN_TYPE = YES_ERROR;
				GCC_WARN_UNDECLARED_SELECTOR = YES;
				GCC_WARN_UNINITIALIZED_AUTOS = YES_AGGRESSIVE;
				GCC_WARN_UNUSED_FUNCTION = YES;
				GCC_WARN_UNUSED_VARIABLE = YES;
				IPHONEOS_DEPLOYMENT_TARGET = 9.3;
				MTL_ENABLE_DEBUG_INFO = NO;
				SDKROOT = iphoneos;
				TARGETED_DEVICE_FAMILY = "1,2";
				VALIDATE_PRODUCT = YES;
			};
			name = Release;
		};
		EF07EC121D810D4800D110E3 /* Debug */ = {
			isa = XCBuildConfiguration;
			buildSettings = {
				ASSETCATALOG_COMPILER_APPICON_NAME = AppIcon;
				INFOPLIST_FILE = Calculator/Info.plist;
				LD_RUNPATH_SEARCH_PATHS = "$(inherited) @executable_path/Frameworks";
				PRODUCT_BUNDLE_IDENTIFIER = com.gmail.chidiemeh184.Calculator;
				PRODUCT_NAME = "$(TARGET_NAME)";
			};
			name = Debug;
		};
		EF07EC131D810D4800D110E3 /* Release */ = {
			isa = XCBuildConfiguration;
			buildSettings = {
				ASSETCATALOG_COMPILER_APPICON_NAME = AppIcon;
				INFOPLIST_FILE = Calculator/Info.plist;
				LD_RUNPATH_SEARCH_PATHS = "$(inherited) @executable_path/Frameworks";
				PRODUCT_BUNDLE_IDENTIFIER = com.gmail.chidiemeh184.Calculator;
				PRODUCT_NAME = "$(TARGET_NAME)";
			};
			name = Release;
		};
/* End XCBuildConfiguration section */

/* Begin XCConfigurationList section */
		EF07EBFA1D810D4800D110E3 /* Build configuration list for PBXProject "Calculator" */ = {
			isa = XCConfigurationList;
			buildConfigurations = (
				EF07EC0F1D810D4800D110E3 /* Debug */,
				EF07EC101D810D4800D110E3 /* Release */,
			);
			defaultConfigurationIsVisible = 0;
			defaultConfigurationName = Release;
		};
		EF07EC111D810D4800D110E3 /* Build configuration list for PBXNativeTarget "Calculator" */ = {
			isa = XCConfigurationList;
			buildConfigurations = (
				EF07EC121D810D4800D110E3 /* Debug */,
				EF07EC131D810D4800D110E3 /* Release */,
			);
			defaultConfigurationIsVisible = 0;
			defaultConfigurationName = Release;
		};
/* End XCConfigurationList section */
	};
	rootObject = EF07EBF71D810D4800D110E3 /* Project object */;
}
